
Microsoft Visual Studio Solution File, Format Version 12.00
# Visual Studio Version 17
VisualStudioVersion = 17.4.33103.184
MinimumVisualStudioVersion = 10.0.40219.1
Project("{FAE04EC0-301F-11D3-BF4B-00C04F79EFBC}") = "WeightConverterApp", "WeightConverterApp.csproj", "{D4B7AA08-4AC5-4ED5-9CC6-B7A4A415ADA8}"
EndProject
Global
	GlobalSection(SolutionConfigurationPlatforms) = preSolution
		Debug|Any CPU = Debug|Any CPU
		Release|Any CPU = Release|Any CPU
	EndGlobalSection
	GlobalSection(ProjectConfigurationPlatforms) = postSolution
		{D4B7AA08-4AC5-4ED5-9CC6-B7A4A415ADA8}.Debug|Any CPU.ActiveCfg = Debug|Any CPU
		{D4B7AA08-4AC5-4ED5-9CC6-B7A4A415ADA8}.Debug|Any CPU.Build.0 = Debug|Any CPU
		{D4B7AA08-4AC5-4ED5-9CC6-B7A4A415ADA8}.Release|Any CPU.ActiveCfg = Release|Any CPU
		{D4B7AA08-4AC5-4ED5-9CC6-B7A4A415ADA8}.Release|Any CPU.Build.0 = Release|Any CPU
	EndGlobalSection
	GlobalSection(SolutionProperties) = preSolution
		HideSolutionNode = FALSE
	EndGlobalSection
	GlobalSection(ExtensibilityGlobals) = postSolution
		SolutionGuid = {532D82D8-26F2-404F-8514-BB9620E7D658}
	EndGlobalSection
EndGlobal
